
Microsoft Visual Studio Solution File, Format Version 12.00
# Visual Studio 15
VisualStudioVersion = 15.0.28307.645
MinimumVisualStudioVersion = 10.0.40219.1
Project("{FAE04EC0-301F-11D3-BF4B-00C04F79EFBC}") = "PuntoVenta.Model", "PuntoVenta.Model\PuntoVenta.Model.csproj", "{8A999EF9-8C84-4CF1-96B2-5504F0D61315}"
EndProject
Project("{FAE04EC0-301F-11D3-BF4B-00C04F79EFBC}") = "PuntoVenta.API", "PuntoVenta.API\PuntoVenta.API.csproj", "{DDFDA4BA-F624-428A-97BB-7C106381E75B}"
EndProject
Global
	GlobalSection(SolutionConfigurationPlatforms) = preSolution
		Debug|Any CPU = Debug|Any CPU
		Release|Any CPU = Release|Any CPU
	EndGlobalSection
	GlobalSection(ProjectConfigurationPlatforms) = postSolution
		{8A999EF9-8C84-4CF1-96B2-5504F0D61315}.Debug|Any CPU.ActiveCfg = Debug|Any CPU
		{8A999EF9-8C84-4CF1-96B2-5504F0D61315}.Debug|Any CPU.Build.0 = Debug|Any CPU
		{8A999EF9-8C84-4CF1-96B2-5504F0D61315}.Release|Any CPU.ActiveCfg = Release|Any CPU
		{8A999EF9-8C84-4CF1-96B2-5504F0D61315}.Release|Any CPU.Build.0 = Release|Any CPU
		{DDFDA4BA-F624-428A-97BB-7C106381E75B}.Debug|Any CPU.ActiveCfg = Debug|Any CPU
		{DDFDA4BA-F624-428A-97BB-7C106381E75B}.Debug|Any CPU.Build.0 = Debug|Any CPU
		{DDFDA4BA-F624-428A-97BB-7C106381E75B}.Release|Any CPU.ActiveCfg = Release|Any CPU
		{DDFDA4BA-F624-428A-97BB-7C106381E75B}.Release|Any CPU.Build.0 = Release|Any CPU
	EndGlobalSection
	GlobalSection(SolutionProperties) = preSolution
		HideSolutionNode = FALSE
	EndGlobalSection
	GlobalSection(ExtensibilityGlobals) = postSolution
		SolutionGuid = {69D6AC8C-5B17-4BB5-983E-A0D6FC06E566}
	EndGlobalSection
EndGlobal
